
Microsoft Visual Studio Solution File, Format Version 10.00
# Visual Studio 2008
Project("{FAE04EC0-301F-11D3-BF4B-00C04F79EFBC}") = "Tsmt", "SmartDeviceProject2\Tsmt.csproj", "{7680F79D-610A-42F9-B25B-F78B44BC2CAE}"
EndProject
Global
	GlobalSection(SolutionConfigurationPlatforms) = preSolution
		Debug|Any CPU = Debug|Any CPU
		Release|Any CPU = Release|Any CPU
	EndGlobalSection
	GlobalSection(ProjectConfigurationPlatforms) = postSolution
		{7680F79D-610A-42F9-B25B-F78B44BC2CAE}.Debug|Any CPU.ActiveCfg = Debug|Any CPU
		{7680F79D-610A-42F9-B25B-F78B44BC2CAE}.Debug|Any CPU.Build.0 = Debug|Any CPU
		{7680F79D-610A-42F9-B25B-F78B44BC2CAE}.Debug|Any CPU.Deploy.0 = Debug|Any CPU
		{7680F79D-610A-42F9-B25B-F78B44BC2CAE}.Release|Any CPU.ActiveCfg = Release|Any CPU
		{7680F79D-610A-42F9-B25B-F78B44BC2CAE}.Release|Any CPU.Build.0 = Release|Any CPU
		{7680F79D-610A-42F9-B25B-F78B44BC2CAE}.Release|Any CPU.Deploy.0 = Release|Any CPU
	EndGlobalSection
	GlobalSection(SolutionProperties) = preSolution
		HideSolutionNode = FALSE
	EndGlobalSection
EndGlobal
